
Microsoft Visual Studio Solution File, Format Version 12.00
# Visual Studio Version 17
VisualStudioVersion = 17.0.31903.59
MinimumVisualStudioVersion = 10.0.40219.1
Project("{FAE04EC0-301F-11D3-BF4B-00C04F79EFBC}") = "Api", "Api\Api.csproj", "{C7090E6F-CA01-4E23-9692-4EE8A7C32736}"
EndProject
Project("{FAE04EC0-301F-11D3-BF4B-00C04F79EFBC}") = "Application", "Application\Application.csproj", "{159642A1-5497-479C-80ED-54011DE037B8}"
EndProject
Project("{FAE04EC0-301F-11D3-BF4B-00C04F79EFBC}") = "Domain", "Domain\Domain.csproj", "{8AA2299C-8721-4B22-913D-3E079172D580}"
EndProject
Project("{FAE04EC0-301F-11D3-BF4B-00C04F79EFBC}") = "Infrastructure", "Infrastructure\Infrastructure.csproj", "{7B2B83C3-6FCC-4E18-8595-7107538AB3B6}"
EndProject
Global
	GlobalSection(SolutionConfigurationPlatforms) = preSolution
		Debug|Any CPU = Debug|Any CPU
		Release|Any CPU = Release|Any CPU
	EndGlobalSection
	GlobalSection(SolutionProperties) = preSolution
		HideSolutionNode = FALSE
	EndGlobalSection
	GlobalSection(ProjectConfigurationPlatforms) = postSolution
		{C7090E6F-CA01-4E23-9692-4EE8A7C32736}.Debug|Any CPU.ActiveCfg = Debug|Any CPU
		{C7090E6F-CA01-4E23-9692-4EE8A7C32736}.Debug|Any CPU.Build.0 = Debug|Any CPU
		{C7090E6F-CA01-4E23-9692-4EE8A7C32736}.Release|Any CPU.ActiveCfg = Release|Any CPU
		{C7090E6F-CA01-4E23-9692-4EE8A7C32736}.Release|Any CPU.Build.0 = Release|Any CPU
		{159642A1-5497-479C-80ED-54011DE037B8}.Debug|Any CPU.ActiveCfg = Debug|Any CPU
		{159642A1-5497-479C-80ED-54011DE037B8}.Debug|Any CPU.Build.0 = Debug|Any CPU
		{159642A1-5497-479C-80ED-54011DE037B8}.Release|Any CPU.ActiveCfg = Release|Any CPU
		{159642A1-5497-479C-80ED-54011DE037B8}.Release|Any CPU.Build.0 = Release|Any CPU
		{8AA2299C-8721-4B22-913D-3E079172D580}.Debug|Any CPU.ActiveCfg = Debug|Any CPU
		{8AA2299C-8721-4B22-913D-3E079172D580}.Debug|Any CPU.Build.0 = Debug|Any CPU
		{8AA2299C-8721-4B22-913D-3E079172D580}.Release|Any CPU.ActiveCfg = Release|Any CPU
		{8AA2299C-8721-4B22-913D-3E079172D580}.Release|Any CPU.Build.0 = Release|Any CPU
		{7B2B83C3-6FCC-4E18-8595-7107538AB3B6}.Debug|Any CPU.ActiveCfg = Debug|Any CPU
		{7B2B83C3-6FCC-4E18-8595-7107538AB3B6}.Debug|Any CPU.Build.0 = Debug|Any CPU
		{7B2B83C3-6FCC-4E18-8595-7107538AB3B6}.Release|Any CPU.ActiveCfg = Release|Any CPU
		{7B2B83C3-6FCC-4E18-8595-7107538AB3B6}.Release|Any CPU.Build.0 = Release|Any CPU
	EndGlobalSection
EndGlobal
